
Microsoft Visual Studio Solution File, Format Version 12.00
# Visual Studio 15
VisualStudioVersion = 15.0.27703.2018
MinimumVisualStudioVersion = 10.0.40219.1
Project("{FAE04EC0-301F-11D3-BF4B-00C04F79EFBC}") = "constants", "constants\constants.csproj", "{93D8E4DD-A92A-46AF-8D81-C892B27EFE01}"
EndProject
Global
	GlobalSection(SolutionConfigurationPlatforms) = preSolution
		Debug|Any CPU = Debug|Any CPU
		Release|Any CPU = Release|Any CPU
	EndGlobalSection
	GlobalSection(ProjectConfigurationPlatforms) = postSolution
		{93D8E4DD-A92A-46AF-8D81-C892B27EFE01}.Debug|Any CPU.ActiveCfg = Debug|Any CPU
		{93D8E4DD-A92A-46AF-8D81-C892B27EFE01}.Debug|Any CPU.Build.0 = Debug|Any CPU
		{93D8E4DD-A92A-46AF-8D81-C892B27EFE01}.Release|Any CPU.ActiveCfg = Release|Any CPU
		{93D8E4DD-A92A-46AF-8D81-C892B27EFE01}.Release|Any CPU.Build.0 = Release|Any CPU
	EndGlobalSection
	GlobalSection(SolutionProperties) = preSolution
		HideSolutionNode = FALSE
	EndGlobalSection
	GlobalSection(ExtensibilityGlobals) = postSolution
		SolutionGuid = {9D2FEEED-8901-4220-839E-4D7A3ECCF6F1}
	EndGlobalSection
EndGlobal
